version = 1
revision = 5
requires-python = "==3.12.*"

[[package]]
name = "annotated-doc"
version = "0.0.5"
source = { registry = "https://pypi.org/simple" }
sdist = { url = "https://files.pythonhosted.org/packages/5a/8e/38aa427ed5402449e226975b649c5dc73ccadfefeb95e6aecb8f8ea4b6b6/annotated_doc-0.0.5.tar.gz", hash = "sha256:c7e58ce09192557605d8bbd92836d7e1d520ac9580096042c0bfd197efacf1bb", size = 10758, upload-time = "2026-07-28T13:50:58.129Z" }
wheels = [
    { url = "https://files.pythonhosted.org/packages/3e/30/e900b21425a860e195f32e37657aa1f7c7f2b1bfb26f03ca209b90933c06/annotated_doc-0.0.5-py3-none-any.whl", hash = "sha256:117bac03a25ede5df5440e855b32d556049ca169ead221505badf432fed4b101", size = 5302, upload-time = "2026-07-28T13:50:57.239Z" },
]

[[package]]
name = "annotated-types"
version = "0.8.0"
source = { registry = "https://pypi.org/simple" }
sdist = { url = "https://files.pythonhosted.org/packages/5f/56/a8120250d128bed162cd73c76d45f6ef9991f3e068f62a8ee060afa3104a/annotated_types-0.8.0.tar.gz", hash = "sha256:13b2beaad985e05e2d6407ee4c4f35590b11f8d693a258a561055cac8f64cab7", size = 15893, upload-time = "2026-07-23T20:16:13.995Z" }
wheels = [
    { url = "https://files.pythonhosted.org/packages/99/91/8acff4f5e50511b911bbccb72b8628a49c68ce14148cd9f6431094859a90/annotated_types-0.8.0-py3-none-any.whl", hash = "sha256:f072f4d804ea359e4eaf198b1af7a8b0943881a87f31bb764f8bf219bb9419e0", size = 13427, upload-time = "2026-07-23T20:16:12.938Z" },
]

[[package]]
name = "anthropic"
version = "1.12.1"
source = { registry = "https://pypi.org/simple" }
dependencies = [
    { name = "anyio" },
    { name = "docstring-parser" },
    { name = "httpx2" },
    { name = "jiter" },
    { name = "pydantic" },
    { name = "sniffio" },
    { name = "typing-extensions" },
]
sdist = { url = "https://files.pythonhosted.org/packages/bd/cc/0da23e94020c62c0077c17648252f32d575b187710faaf3b85145e8e555d/anthropic-1.12.1.tar.gz", hash = "sha256:10f720ab6ddf40ef12e0e5743412c3a6dfac1109c244e633c9a2dbd36778ad30", size = 1555908, upload-time = "2026-10-08T03:42:00.588Z" }
wheels = [
    { url = "https://files.pythonhosted.org/packages/8b/35/1ccdc3e950dd869b66de15035e15d9614607fcef9664dec403fe639f01df/anthropic-1.12.1-py3-none-any.whl", hash = "sha256:1c1469bb3f4118291756816b7850cc839f17b2be5cdc99c8fde3890a61a49ca2", size = 1919752, upload-time = "2026-10-08T03:41:58.596Z" },
]

[[package]]
name = "anyio"
version = "4.15.1"
source = { registry = "https://pypi.org/simple" }
dependencies = [
    { name = "idna" },
    { name = "typing-extensions" },
]
sdist = { url = "https://files.pythonhosted.org/packages/a9/d2/f4d173e22df740bc37b1db102b386ba719b66e95b0f0d751f556b387e6d2/anyio-4.15.1.tar.gz", hash = "sha256:9f28306018cbd6d329e64a36d58256edff76dd996fe423bc957326e578b82a94", size = 276966, upload-time = "2026-09-05T10:42:39.44Z" }
wheels = [
    { url = "https://files.pythonhosted.org/packages/12/b8/4bd346e22b28902df4d651910f5242c28d84e4a5c2435ca5c3f797ed7e2e/anyio-4.15.1-py3-none-any.whl", hash = "sha256:6152fdbbf9a77fdec97731721bebf7c4c44f7c29b424b0065826173efc7ed101", size = 132079, upload-time = "2026-09-05T10:42:37.923Z" },
]

[[package]]
name = "colorama"
version = "0.4.6"
source = { registry = "https://pypi.org/simple" }
sdist = { url = "https://files.pythonhosted.org/packages/d8/53/6f443c9a4a8358a93a6792e2acffb9d9d5cb0a5cfd8802644b7b1c9a02e4/colorama-0.4.6.tar.gz", hash = "sha256:08695f5cb7ed6e0531a20572697297273c47b8cae5a63ffc6d6ed5c201be6e44", size = 27697, upload-time = "2022-10-25T02:36:22.414Z" }
wheels = [
    { url = "https://files.pythonhosted.org/packages/d1/d6/3965ed04c63042e047cb6a3e6ed1a63a35087b6a609aa3a15ed8ac56c221/colorama-0.4.6-py2.py3-none-any.whl", hash = "sha256:4f1d9991f5acc0ca119f9d443620b77f9d6b33703e51011c16baf57afb285fc6", size = 25335, upload-time = "2022-10-25T02:36:20.889Z" },
]

[[package]]
name = "coverage-readiness"
version = "0.1.0"
source = { editable = "." }
dependencies = [
    { name = "anthropic" },
    { name = "pydantic" },
    { name = "python-dotenv" },
    { name = "pyyaml" },
    { name = "rich" },
    { name = "typer" },
]

[package.dev-dependencies]
dev = [
    { name = "pytest" },
    { name = "ruff" },
]

[package.metadata]
requires-dist = [
    { name = "anthropic", specifier = ">=0.40" },
    { name = "pydantic", specifier = ">=2.7" },
    { name = "python-dotenv", specifier = ">=1.2.4" },
    { name = "pyyaml", specifier = ">=6.0" },
    { name = "rich", specifier = ">=15.0.0" },
    { name = "typer", specifier = ">=0.12" },
]

[package.metadata.requires-dev]
dev = [
    { name = "pytest", specifier = ">=8.0" },
    { name = "ruff", specifier = ">=0.6" },
]

[[package]]
name = "docstring-parser"
version = "0.18.0"
source = { registry = "https://pypi.org/simple" }
sdist = { url = "https://files.pythonhosted.org/packages/e0/4d/f332313098c1de1b2d2ff91cf2674415cc7cddab2ca1b01ae29774bd5fdf/docstring_parser-0.18.0.tar.gz", hash = "sha256:292510982205c12b1248696f44959db3cdd1740237a968ea1e2e7a900eeb2015", size = 29341, upload-time = "2026-04-14T04:09:19.867Z" }
wheels = [
    { url = "https://files.pythonhosted.org/packages/a7/5f/ed01f9a3cdffbd5a008556fc7b2a08ddb1cc6ace7effa7340604b1d16699/docstring_parser-0.18.0-py3-none-any.whl", hash = "sha256:b3fcbed555c47d8479be0796ef7e19c2670d428d72e96da63f3a40122860374b", size = 22484, upload-time = "2026-04-14T04:09:18.638Z" },
]

[[package]]
name = "h11"
version = "0.16.0"
source = { registry = "https://pypi.org/simple" }
sdist = { url = "https://files.pythonhosted.org/packages/01/ee/02a2c011bdab74c6fb3c75474d40b3052059d95df7e73351460c8588d963/h11-0.16.0.tar.gz", hash = "sha256:4e35b956cf45792e4caa5885e69fba00bdbc6ffafbfa020300e549b208ee5ff1", size = 101250, upload-time = "2025-04-24T03:35:25.427Z" }
wheels = [
    { url = "https://files.pythonhosted.org/packages/04/4b/29cac41a4d98d144bf5f6d33995617b185d14b22401f75ca86f384e87ff1/h11-0.16.0-py3-none-any.whl", hash = "sha256:63cf8bbe7522de3bf65932fda1d9c2772064ffb3dae62d55932da54b31cb6c86", size = 37515, upload-time = "2025-04-24T03:35:24.344Z" },
]

[[package]]
name = "httpcore2"
version = "2.13.1"
source = { registry = "https://pypi.org/simple" }
dependencies = [
    { name = "h11" },
    { name = "truststore" },
]
sdist = { url = "https://files.pythonhosted.org/packages/cb/f3/1db7aa2bc2524062192bb0e0323969492d1883152a232fe36eea65f4e35c/httpcore2-2.13.1.tar.gz", hash = "sha256:e0aa977abe17e69a3b820a24542a6fa88702676d83880b8d194dcd18408e5103", size = 68071, upload-time = "2026-09-23T07:47:22.372Z" }
wheels = [
    { url = "https://files.pythonhosted.org/packages/09/ba/a4568248771ce81957bfb7cc600264a40fbcda092391ee1c415c50be4bea/httpcore2-2.13.1-py3-none-any.whl", hash = "sha256:e1e05d4f25f7d7d496bfb96748f6f4b67657b03da069b3a68c36069f3db73d0a", size = 83423, upload-time = "2026-09-23T07:47:19.365Z" },
]

[[package]]
name = "httpx2"
version = "2.13.1"
source = { registry = "https://pypi.org/simple" }
dependencies = [
    { name = "anyio", marker = "sys_platform != 'emscripten'" },
    { name = "httpcore2", marker = "sys_platform != 'emscripten'" },
    { name = "httpx2-jsfetch", marker = "sys_platform == 'emscripten'" },
    { name = "idna" },
    { name = "truststore", marker = "sys_platform != 'emscripten'" },
    { name = "typing-extensions" },
]
sdist = { url = "https://files.pythonhosted.org/packages/d5/44/474bef2a0e9d90f1715d32cb98b0738695ca17ba324095fb2497ed7fbd59/httpx2-2.13.1.tar.gz", hash = "sha256:e48744a19e3af5ee48313d0ce5fe941d5422fae5705ea922a4aabf94d7800dfa", size = 100405, upload-time = "2026-09-23T07:47:23.052Z" }
wheels = [
    { url = "https://files.pythonhosted.org/packages/d8/9c/6fe8931fd9f381042a9e4c7d5a7b4cbf7016b252bec0c99a49fce42c3326/httpx2-2.13.1-py3-none-any.whl", hash = "sha256:6dff50fabc270ee5fd25d845d0b078ed20564579744d6d962850975996d2f9a4", size = 95597, upload-time = "2026-09-23T07:47:20.995Z" },
]

[[package]]
name = "httpx2-jsfetch"
version = "1.0"
source = { registry = "https://pypi.org/simple" }
sdist = { url = "https://files.pythonhosted.org/packages/cd/c4/0e5636363151a2a1795e0a77617168b9ca438e1748ec05fc9b5687f93d64/httpx2_jsfetch-1.0.tar.gz", hash = "sha256:70a0e3eabfef7cce5ad9c629f7d01ca05e418f586646f4ddf14782e4c1454c60", size = 6872, upload-time = "2026-08-07T00:13:07.492Z" }
wheels = [
    { url = "https://files.pythonhosted.org/packages/9b/43/832f631d32e4f1211caa2ba368317739fe71f0b8530e4c9d15dc454bac2a/httpx2_jsfetch-1.0-py3-none-any.whl", hash = "sha256:cb916b707601e69a07721aabc8f3f6659be3a6893bc1ff5c6f9e02241df2da32", size = 6382, upload-time = "2026-08-07T00:13:06.567Z" },
]

[[package]]
name = "idna"
version = "3.20"
source = { registry = "https://pypi.org/simple" }
sdist = { url = "https://files.pythonhosted.org/packages/f5/08/8eea9d4b8302028f3abb2c0813953f7aec26d33b7a8960ed760e65ff29fa/idna-3.20.tar.gz", hash = "sha256:a7db850025b95ded1eae8a46181a1a6c56c92c96f0e2b005d9ff8dc0210cab44", size = 216463, upload-time = "2026-09-17T14:11:04.752Z" }
wheels = [
    { url = "https://files.pythonhosted.org/packages/58/a2/bb081bab032533a855d44de1d56f8e8426114ff1ba5d1f07a438a0a654f8/idna-3.20-py3-none-any.whl", hash = "sha256:ab7ae7122974553370f0bdb919e1a960b2cd1bc1ef0276416d896db81c14582c", size = 69583, upload-time = "2026-09-17T14:11:03.168Z" },
]

[[package]]
name = "iniconfig"
version = "2.3.1"
source = { registry = "https://pypi.org/simple" }
sdist = { url = "https://files.pythonhosted.org/packages/01/e1/2069291243c926a2ff1cd706c7f3eeb9b62144bf60f77c9fb9ff2fb26bd3/iniconfig-2.3.1.tar.gz", hash = "sha256:67f4b9c50da0dedf52af349e7749a80a9057a5031199791b906c3bb3ae878960", size = 21209, upload-time = "2026-10-06T22:48:38.076Z" }
wheels = [
    { url = "https://files.pythonhosted.org/packages/56/43/4ca9e49d27a1fcf6bece6f6aec0ea46bb9112489b93d4b688fb415457bdb/iniconfig-2.3.1-py3-none-any.whl", hash = "sha256:9121e2c1fdb355232495be3194c8dfe87ccc2d5dee45947b78e68f499790d7a7", size = 7552, upload-time = "2026-10-06T22:48:36.959Z" },
]

[[package]]
name = "jiter"
version = "0.17.0"
source = { registry = "https://pypi.org/simple" }
sdist = { url = "https://files.pythonhosted.org/packages/9c/1f/8176d92e001f86505424b41664032ae26a882bc9ca41a32c803f373f9195/jiter-0.17.0.tar.gz", hash = "sha256:03e432f226a453851079fb84cd17c6da9991eab723e28d716f14ae3d906e0c12", size = 229037, upload-time = "2026-09-12T15:14:14.253Z" }
wheels = [
    { url = "https://files.pythonhosted.org/packages/aa/f8/07bd8c3a23f7a8a6875e6a820bbffe1483a18f18f9398a91b5495123176e/jiter-0.17.0-cp312-cp312-macosx_10_12_x86_64.whl", hash = "sha256:ebf918dfd6a74adc1b9ad71f63c4ab00902fcd3b7fd39f2e24d871db8d713b91", size = 291633, upload-time = "2026-09-12T15:11:49.431Z" },
    { url = "https://files.pythonhosted.org/packages/0e/5e/0de4c6f84ffefa6809ffc2d550b9a314365acf7e7ec9b6c7375d49047900/jiter-0.17.0-cp312-cp312-macosx_11_0_arm64.whl", hash = "sha256:61aed66ee042b3b49ef85fdf75714234d055d89d8496ac1c6e47f89e7a30d5e4", size = 321695, upload-time = "2026-09-12T15:11:52.727Z" },
    { url = "https://files.pythonhosted.org/packages/20/ac/befe2e82065bee37a0252081666ed2f48c1ac5f5c6c318c2de8168ba393d/jiter-0.17.0-cp312-cp312-manylinux_2_17_aarch64.manylinux2014_aarch64.whl", hash = "sha256:76eb4a5c20e86f9f848286f167024890f2862258a965d254774deb7fc1545ca1", size = 341967, upload-time = "2026-09-12T15:11:54.231Z" },
    { url = "https://files.pythonhosted.org/packages/9f/cd/9797c1e529746750ae589da7c1a8c24373f00d88e11a989f9e5eb1959079/jiter-0.17.0-cp312-cp312-manylinux_2_17_armv7l.manylinux2014_armv7l.whl", hash = "sha256:bcc064f99183a9cbe7f26ed648c352031a74145cd61ed75d34632c73eb46a5a8", size = 326546, upload-time = "2026-09-12T15:11:55.41Z" },
    { url = "https://files.pythonhosted.org/packages/d9/fd/e6914c38d6347bab4ebff2b1f0c0f191db276e7a1d5c376176757da42fe3/jiter-0.17.0-cp312-cp312-manylinux_2_17_ppc64le.manylinux2014_ppc64le.whl", hash = "sha256:73b64e69c4150748e020356d958af94bec33c70a0a93d665cfa8f6d580fe1a63", size = 340995, upload-time = "2026-09-12T15:11:58.211Z" },
    { url = "https://files.pythonhosted.org/packages/9d/7d/611b3abf6f88945b5474da5cdc6d1a185e805ac9bf446bb7766dcda6ea87/jiter-0.17.0-cp312-cp312-manylinux_2_17_s390x.manylinux2014_s390x.whl", hash = "sha256:f0bc7f684b65bcda9c20434267577db71bf9905ceddd32b60d1d93278d8c8d3a", size = 352188, upload-time = "2026-09-12T15:11:59.414Z" },
    { url = "https://files.pythonhosted.org/packages/52/f8/b6e513ecbdf3b3cebe587c2279281ecf775b729a58cf4cc7bdf898ded029/jiter-0.17.0-cp312-cp312-manylinux_2_17_x86_64.manylinux2014_x86_64.whl", hash = "sha256:8c21265b251d99bbb40080d178a8953e35601d3a1564e05c4de4c0d2ca616797", size = 345025, upload-time = "2026-09-12T15:12:00.697Z" },
    { url = "https://files.pythonhosted.org/packages/28/a8/fe26d06c5a6c5a4cfe703c5154c8a140da1305671eb3681aba9422d4f393/jiter-0.17.0-cp312-cp312-manylinux_2_31_riscv64.whl", hash = "sha256:f3d7f7b34114f7ddc6d72a8e882d49de636b35d9fd12b4d420d3c5729f6c9812", size = 329180, upload-time = "2026-09-12T15:12:01.831Z" },
    { url = "https://files.pythonhosted.org/packages/e1/58/e6d66a26af40a20e62486feb7e222fd50f6e7aaa4f107abd89675dcc835b/jiter-0.17.0-cp312-cp312-manylinux_2_5_i686.manylinux1_i686.whl", hash = "sha256:5078ab00664307fab2019b522a93aeb191122789f085daf5fd9e362154021d4a", size = 335805, upload-time = "2026-09-12T15:12:03.056Z" },
    { url = "https://files.pythonhosted.org/packages/ef/3e/96520aa2fef5ef831d95483a902140bfab83dcac9eaa74f7df61b5e50a1b/jiter-0.17.0-cp312-cp312-musllinux_1_1_aarch64.whl", hash = "sha256:470e1b1e4c42f1ead2189166a299691871a2df5056c976e7fb96feafaf5f9d44", size = 484121, upload-time = "2026-09-12T15:12:04.414Z" },
    { url = "https://files.pythonhosted.org/packages/6a/8f/5d9d92fe538bf36ff481a2278c48147e59c1cf8eb2f7be665260665febe5/jiter-0.17.0-cp312-cp312-musllinux_1_1_x86_64.whl", hash = "sha256:6eb6aedeb7352b8f3b6af9cbd67983840165c00428e63f1b420a85885128ea31", size = 521310, upload-time = "2026-09-12T15:12:05.612Z" },
    { url = "https://files.pythonhosted.org/packages/50/06/a09f979b22e652afbc3de66c709b2ba92edcef555f7535ab937c86b4f21a/jiter-0.17.0-cp312-cp312-win32.whl", hash = "sha256:362bb47423886d45a9f705d2d9d4008c6eedd4e41eb1bab4e96fb6daa06b33fd", size = 185029, upload-time = "2026-09-12T15:12:06.994Z" },
    { url = "https://files.pythonhosted.org/packages/6c/d9/98265a005b2473ec2be5a84e2b64c2f65382c673879f1574845cd4bcd77c/jiter-0.17.0-cp312-cp312-win_amd64.whl", hash = "sha256:9bd3caac219df476dd0cc3fe01d2f1581ed588906feac767abd9614c1c12f8b3", size = 227381, upload-time = "2026-09-12T15:12:08.823Z" },
    { url = "https://files.pythonhosted.org/packages/a8/11/2e05bf5a56e57a543ebb8f585074adf09383e99d7b062dac92eab1f4d57f/jiter-0.17.0-cp312-cp312-win_arm64.whl", hash = "sha256:36ee6e69027396664e59995b9a635a947a5304ee9837279584a0bb8145c8f6b8", size = 183610, upload-time = "2026-09-12T15:12:10.374Z" },
    { url = "https://files.pythonhosted.org/packages/17/31/4bb27f54333d3b9ef1e5bd3312dc0b4bbe59c68bb0885fdb40583a6b1567/jiter-0.17.0-graalpy312-graalpy250_312_native-macosx_10_12_x86_64.whl", hash = "sha256:454c4997d73cc466c71fd565d91e603b0274e48ea0c6b0b7a7aee6967e4ceb7c", size = 288415, upload-time = "2026-09-12T15:14:08.455Z" },
    { url = "https://files.pythonhosted.org/packages/28/30/879570ecf82574eaea77c5eb10309f4b630dece5f2a556e9814a90ba3f2d/jiter-0.17.0-graalpy312-graalpy250_312_native-macosx_11_0_arm64.whl", hash = "sha256:40d2c240f8f80b5b0f201b29f0ae129c81448c60c772227a41747b5e0026f6a2", size = 279113, upload-time = "2026-09-12T15:14:10.117Z" },
    { url = "https://files.pythonhosted.org/packages/77/7a/1f0b8a35fbd079a4f1752c31a15dc99cf277f863747c459be0af39e900e5/jiter-0.17.0-graalpy312-graalpy250_312_native-manylinux_2_17_aarch64.manylinux2014_aarch64.whl", hash = "sha256:3e05f5adbf68c4bd11e1610f394034d984152988e84be6f8314235ce6f2139e5", size = 303708, upload-time = "2026-09-12T15:14:11.445Z" },
    { url = "https://files.pythonhosted.org/packages/e1/8b/d76219ebdbcf3d4209d9d21a0810db4c8d0a6f88e3ee87d30bdea4e90d30/jiter-0.17.0-graalpy312-graalpy250_312_native-manylinux_2_17_x86_64.manylinux2014_x86_64.whl", hash = "sha256:d2c0bf24c72fd0491405dce5d40194f2070e9021ce648c1a1d46234b93d848ff", size = 307147, upload-time = "2026-09-12T15:14:12.897Z" },
]

[[package]]
name = "markdown-it-py"
version = "4.2.0"
source = { registry = "https://pypi.org/simple" }
dependencies = [
    { name = "mdurl" },
]
sdist = { url = "https://files.pythonhosted.org/packages/06/ff/7841249c247aa650a76b9ee4bbaeae59370dc8bfd2f6c01f3630c35eb134/markdown_it_py-4.2.0.tar.gz", hash = "sha256:04a21681d6fbb623de53f6f364d352309d4094dd4194040a10fd51833e418d49", size = 82454, upload-time = "2026-05-07T12:08:28.36Z" }
wheels = [
    { url = "https://files.pythonhosted.org/packages/b3/81/4da04ced5a082363ecfa159c010d200ecbd959ae410c10c0264a38cac0f5/markdown_it_py-4.2.0-py3-none-any.whl", hash = "sha256:9f7ebbcd14fe59494226453aed97c1070d83f8d24b6fc3a3bcf9a38092641c4a", size = 91687, upload-time = "2026-05-07T12:08:27.182Z" },
]

[[package]]
name = "mdurl"
version = "0.1.2"
source = { registry = "https://pypi.org/simple" }
sdist = { url = "https://files.pythonhosted.org/packages/d6/54/cfe61301667036ec958cb99bd3efefba235e65cdeb9c84d24a8293ba1d90/mdurl-0.1.2.tar.gz", hash = "sha256:bb413d29f5eea38f31dd4754dd7377d4465116fb207585f97bf925588687c1ba", size = 8729, upload-time = "2022-08-14T12:40:10.846Z" }
wheels = [
    { url = "https://files.pythonhosted.org/packages/b3/38/89ba8ad64ae25be8de66a6d463314cf1eb366222074cfda9ee839c56a4b4/mdurl-0.1.2-py3-none-any.whl", hash = "sha256:84008a41e51615a49fc9966191ff91509e3c40b939176e643fd50a5c2196b8f8", size = 9979, upload-time = "2022-08-14T12:40:09.779Z" },
]

[[package]]
name = "packaging"
version = "26.3"
source = { registry = "https://pypi.org/simple" }
sdist = { url = "https://files.pythonhosted.org/packages/7d/fa/3944b40b07da9ce895c0e6303a5ab7d53da063554f534556b134a54d6093/packaging-26.3.tar.gz", hash = "sha256:94edc256424af38762eb31306eed28beb9f0efc50a8837492c9d6fd6004aed79", size = 313412, upload-time = "2026-08-04T18:15:28.737Z" }
wheels = [
    { url = "https://files.pythonhosted.org/packages/63/34/ba1c580383c9eada3711951fef0795c80b829a078d72188184bcab9dd527/packaging-26.3-py3-none-any.whl", hash = "sha256:d7193f7c8e4e93f444fde0262bf90af30e16fa0ad0ad44cb553c87339b23cd1c", size = 129956, upload-time = "2026-08-04T18:15:27.159Z" },
]

[[package]]
name = "pluggy"
version = "1.6.0"
source = { registry = "https://pypi.org/simple" }
sdist = { url = "https://files.pythonhosted.org/packages/f9/e2/3e91f31a7d2b083fe6ef3fa267035b518369d9511ffab804f839851d2779/pluggy-1.6.0.tar.gz", hash = "sha256:7dcc130b76258d33b90f61b658791dede3486c3e6bfb003ee5c9bfb396dd22f3", size = 69412, upload-time = "2025-05-15T12:30:07.975Z" }
wheels = [
    { url = "https://files.pythonhosted.org/packages/54/20/4d324d65cc6d9205fabedc306948156824eb9f0ee1633355a8f7ec5c66bf/pluggy-1.6.0-py3-none-any.whl", hash = "sha256:e920276dd6813095e9377c0bc5566d94c932c33b27a3e3945d8389c374dd4746", size = 20538, upload-time = "2025-05-15T12:30:06.134Z" },
]

[[package]]
name = "pydantic"
version = "2.14.0"
source = { registry = "https://pypi.org/simple" }
dependencies = [
    { name = "annotated-types" },
    { name = "pydantic-core" },
    { name = "typing-extensions" },
    { name = "typing-inspection" },
]
sdist = { url = "https://files.pythonhosted.org/packages/6b/fb/6e44b63b26efea1cec48c26d8362313310202ef5ed6e7a52f1669e64e2cd/pydantic-2.14.0.tar.gz", hash = "sha256:8a51a7aaddd60f55566d1f07bdd87b92b463903f39a8f26b71a06314cd1548ae", size = 898613, upload-time = "2026-10-08T14:34:48.341Z" }
wheels = [
    { url = "https://files.pythonhosted.org/packages/2d/eb/9146591cc819d040475bf7f2be786710c7f7eb8083693bf859728da2ca9c/pydantic-2.14.0-py3-none-any.whl", hash = "sha256:15fab1bea6f1dc5003b54fc2ecab230c1fd1dbade2acd4addc52d81e32416d4b", size = 487109, upload-time = "2026-10-08T14:34:46.864Z" },
]

[[package]]
name = "pydantic-core"
version = "2.50.0"
source = { registry = "https://pypi.org/simple" }
dependencies = [
    { name = "typing-extensions" },
]
sdist = { url = "https://files.pythonhosted.org/packages/e6/6d/196e8c819e0e934f35a1a33b3530396feadb0af4ca38fe9f995249e55794/pydantic_core-2.50.0.tar.gz", hash = "sha256:84d2d38f7d163c4dec292f379e9de1960c661795442aca6c90d706436cb3749e", size = 513355, upload-time = "2026-10-08T14:30:58.245Z" }
wheels = [
    { url = "https://files.pythonhosted.org/packages/e3/d8/e0fe374bc0082dfd337ca319505c9302ce383aeeeacc33d93383edd159e5/pydantic_core-2.50.0-cp312-cp312-macosx_10_12_x86_64.whl", hash = "sha256:79e8fc9c135ef628c45cb8aa5deef8d21de13d33bb4c59a859fa73d335ceb40a", size = 2222860, upload-time = "2026-10-08T14:26:39.575Z" },
    { url = "https://files.pythonhosted.org/packages/ef/7d/0a2f829e3e1d809393faab907e3d9307245cd6043ebf54fad439f72f0003/pydantic_core-2.50.0-cp312-cp312-macosx_11_0_arm64.whl", hash = "sha256:0abe1b44d361b948404b6b2ed80be2583e0077340572e071afa6e0eda4e1de30", size = 2025752, upload-time = "2026-10-08T14:26:41.786Z" },
    { url = "https://files.pythonhosted.org/packages/67/d4/e2808af12de4809dd6a4b532e3877baa5f1000df51bd8ebb8756450c6c92/pydantic_core-2.50.0-cp312-cp312-manylinux_2_17_aarch64.manylinux2014_aarch64.whl", hash = "sha256:ae45853d25a23fba56681d2f9ed41f3e3f12f0a3b2393fefa08ff6406320a1f5", size = 2048432, upload-time = "2026-10-08T14:26:43.593Z" },
    { url = "https://files.pythonhosted.org/packages/18/58/46ad42a321051585d89f4e563b115015332caf79ba4e96f2785715c7f52d/pydantic_core-2.50.0-cp312-cp312-manylinux_2_17_armv7l.manylinux2014_armv7l.whl", hash = "sha256:bd841dcf394ff261c26763a9d7be754176d4f1e6d26cb2a5d5331e91b6b56a5f", size = 2173565, upload-time = "2026-10-08T14:26:45.299Z" },
    { url = "https://files.pythonhosted.org/packages/92/69/541206e657ecea865e5f6d49a4a0d8062586d05da482d9d7ed77fdcdfc86/pydantic_core-2.50.0-cp312-cp312-manylinux_2_17_ppc64le.manylinux2014_ppc64le.whl", hash = "sha256:c2e97985641fe53ad7824d1b5bfeb7990a5ff788c4559ee44d7522642560ddc2", size = 2361974, upload-time = "2026-10-08T14:26:47.024Z" },
    { url = "https://files.pythonhosted.org/packages/f6/c0/cf4850441d0d3d3736abe5e8b6fcb49a50166aa0651ed8444172f81f4b4f/pydantic_core-2.50.0-cp312-cp312-manylinux_2_17_s390x.manylinux2014_s390x.whl", hash = "sha256:7987866a2569396e6765c54d643fd6a7b3b234e89ee8d45a3729a7b4b2726145", size = 2440817, upload-time = "2026-10-08T14:26:48.937Z" },
    { url = "https://files.pythonhosted.org/packages/ca/e2/2f793fa2f1b338aa03124efd4362956c84d7bf1b331dc86050bc0151e67d/pydantic_core-2.50.0-cp312-cp312-manylinux_2_17_x86_64.manylinux2014_x86_64.whl", hash = "sha256:f187030fc3d62c668feb0f09e92852e0eb414d7fcefc4748f2e67d245aade37e", size = 2160358, upload-time = "2026-10-08T14:26:50.74Z" },
    { url = "https://files.pythonhosted.org/packages/db/00/35e314c08e721ec1f070408a4e41926b90347ecd2863c08c78daad5f8a16/pydantic_core-2.50.0-cp312-cp312-manylinux_2_31_riscv64.whl", hash = "sha256:d187f43d1c5b844adc871c5b8c22b4aa12a116aaca4e9bd1521bc9ce479aae1f", size = 2231416, upload-time = "2026-10-08T14:26:52.733Z" },
    { url = "https://files.pythonhosted.org/packages/0f/3a/6f7c36afe35a9eca24e5f74f33ca641ac8cf308aae4ac7af4e585d464a40/pydantic_core-2.50.0-cp312-cp312-manylinux_2_5_i686.manylinux1_i686.whl", hash = "sha256:cb4fcaabb28cabf21396a9b816b9afe091f8c776805fdf03e2cbc606b64dfa7c", size = 2242496, upload-time = "2026-10-08T14:26:54.485Z" },
    { url = "https://files.pythonhosted.org/packages/8d/af/77adf30285836c25f6a927e170df45f8dd4af713c89135b22abcbf3c6d67/pydantic_core-2.50.0-cp312-cp312-musllinux_1_1_aarch64.whl", hash = "sha256:1751e92d56fbb623b937d73985e500b1a2b1053e56f718a6c564660d99bb9cb0", size = 2279176, upload-time = "2026-10-08T14:26:56.432Z" },
    { url = "https://files.pythonhosted.org/packages/08/37/4e2a05247f82b59337bf45e9bb14aed85e2d83aecd21e49ad6cedf91882b/pydantic_core-2.50.0-cp312-cp312-musllinux_1_1_armv7l.whl", hash = "sha256:70df7ff903aea05383298715ea53551c8f27c8f70cbe54ba7f05606cd822e7e4", size = 2450488, upload-time = "2026-10-08T14:26:58.218Z" },
    { url = "https://files.pythonhosted.org/packages/85/e6/75f25906212ecb94d69a0c8ed16f5c4ac312dc9961c2e93ff2a7fdf9a07a/pydantic_core-2.50.0-cp312-cp312-musllinux_1_1_x86_64.whl", hash = "sha256:24302bf47319a64e5c5c7c29e971d2b7a20a190c64e59035a3df9582dec636fa", size = 2476664, upload-time = "2026-10-08T14:26:59.98Z" },
    { url = "https://files.pythonhosted.org/packages/75/72/ebb97b3becd0c0f2c722f698d34dec951ab1aa6086edf535f8769b545e3e/pydantic_core-2.50.0-cp312-cp312-win32.whl", hash = "sha256:5dbf9f18c8af11db719e67633be0af556d7d765bee0ca9419bd706fe4b7ed9fe", size = 2102409, upload-time = "2026-10-08T14:27:01.846Z" },
    { url = "https://files.pythonhosted.org/packages/3f/7b/5ebf3e62f5d0f6e3503ffdfffd7d0c2f8d45690afd37fa0cfdcb1786d7d6/pydantic_core-2.50.0-cp312-cp312-win_amd64.whl", hash = "sha256:1541c334af5d42cb9eb03862a9b4d2cfbfc670fd05172ec51f3ce02d704550f1", size = 2171536, upload-time = "2026-10-08T14:27:03.797Z" },
    { url = "https://files.pythonhosted.org/packages/58/1c/879ee9d5b63c60e5a077bab74ad93a4a48476090ca9c97534ab4263d0bae/pydantic_core-2.50.0-cp312-cp312-win_arm64.whl", hash = "sha256:b1399f918aea8fb76ffa99b474c9b768accea1f079fde407ee538bec89f20fa7", size = 2162946, upload-time = "2026-10-08T14:27:05.876Z" },
    { url = "https://files.pythonhosted.org/packages/a9/c8/45e2cbac6379b8cec8cffd7e6aed50754fce13d93f0cff28bbbfe18c1d1c/pydantic_core-2.50.0-graalpy312-graalpy250_312_native-macosx_10_12_x86_64.whl", hash = "sha256:b916ff828d604d4311a5639b7b3da51eaea3923833ec3e300a5ee35eade99691", size = 2217049, upload-time = "2026-10-08T14:30:23.532Z" },
    { url = "https://files.pythonhosted.org/packages/61/8c/b81c4139bff6305e7a98fa7845a99e05df1461d3c33d0fef417e02114ae7/pydantic_core-2.50.0-graalpy312-graalpy250_312_native-macosx_11_0_arm64.whl", hash = "sha256:732efbb50977ab7cf18f01d4c255834aeb14cb2425459f7bff681a1ba3a4ffa1", size = 2039121, upload-time = "2026-10-08T14:30:26.423Z" },
    { url = "https://files.pythonhosted.org/packages/0f/49/679293741809cf835290bccf80216aebfcf5d94cb84a34709f18b21abfd5/pydantic_core-2.50.0-graalpy312-graalpy250_312_native-manylinux_2_17_aarch64.manylinux2014_aarch64.whl", hash = "sha256:ad9185366893714cd4514ae5e1a098227704fa395cb41a7855d75968ecedc826", size = 2109280, upload-time = "2026-10-08T14:30:29.216Z" },
    { url = "https://files.pythonhosted.org/packages/f5/49/76f167aec9b9d77a82e38131539ca6c6fcf69d720965f76eda20b87b454d/pydantic_core-2.50.0-graalpy312-graalpy250_312_native-manylinux_2_17_x86_64.manylinux2014_x86_64.whl", hash = "sha256:0def1dc09802a790e4a1b3cbc4401f0b53c58f273ce3671df9867f7bdf1fbe20", size = 2269313, upload-time = "2026-10-08T14:30:32.096Z" },
]

[[package]]
name = "pygments"
version = "2.21.0"
source = { registry = "https://pypi.org/simple" }
sdist = { url = "https://files.pythonhosted.org/packages/49/2e/ced460408999b33da6b31b0021b0f37d329e202d4169aeb164493778f25b/pygments-2.21.0.tar.gz", hash = "sha256:610ca751c9bc2492b38eb9a38a7fbc93edbbb2d7182edaf34e66ae493dee5c8c", size = 5005329, upload-time = "2026-08-17T08:02:48.824Z" }
wheels = [
    { url = "https://files.pythonhosted.org/packages/71/46/17f022dd3e953bf20a04a028a21ec746d942f8d2af30fa0f124fa0e6a684/pygments-2.21.0-py3-none-any.whl", hash = "sha256:2363c69b61c4a97c838da3b130dcd6468f4848992b21a82f2a63ec34377137d9", size = 1250147, upload-time = "2026-08-17T08:02:44.912Z" },
]

[[package]]
name = "pytest"
version = "9.1.1"
source = { registry = "https://pypi.org/simple" }
dependencies = [
    { name = "colorama", marker = "sys_platform == 'win32'" },
    { name = "iniconfig" },
    { name = "packaging" },
    { name = "pluggy" },
    { name = "pygments" },
]
sdist = { url = "https://files.pythonhosted.org/packages/e4/47/b9efed96c114afcfa3c9d3fe98a76a1d14c74a9e266d397cf6eb64be5e01/pytest-9.1.1.tar.gz", hash = "sha256:1088fbde8f2b49d95a549a195707afa7a76a3ce9bcadc26b6d71f0ffda5fe313", size = 1636369, upload-time = "2026-06-19T10:58:32.857Z" }
wheels = [
    { url = "https://files.pythonhosted.org/packages/24/25/1de2678b631f5a49215c6c96fff41ba892b0a34df68d6d80292b1b48aa7f/pytest-9.1.1-py3-none-any.whl", hash = "sha256:37a86b45efb9a47a61a36449063e8e18d0cab3161329fc099eb21783169c4f0c", size = 386536, upload-time = "2026-06-19T10:58:31.347Z" },
]

[[package]]
name = "python-dotenv"
version = "1.2.4"
source = { registry = "https://pypi.org/simple" }
sdist = { url = "https://files.pythonhosted.org/packages/74/26/2fbeedb218a787a5eea551c7532cac4e009f83d689dd2faa0d0353473f86/python_dotenv-1.2.4.tar.gz", hash = "sha256:f0d53e69935a851c0dcc78f3ab7aaccd8cabef0b92382b576b824212902873c0", size = 60824, upload-time = "2026-10-01T05:36:10Z" }
wheels = [
    { url = "https://files.pythonhosted.org/packages/60/d1/38f3a3405989a89ac18390803e70c6ad7c7760da4f9b83cbeca0c44a0c72/python_dotenv-1.2.4-py3-none-any.whl", hash = "sha256:42269a8a5b3fd54ffa6f3d84b18abed50064717576b4ecf03dc4a55d8aa04fdc", size = 23266, upload-time = "2026-10-01T05:36:08.633Z" },
]

[[package]]
name = "pyyaml"
version = "6.0.3"
source = { registry = "https://pypi.org/simple" }
sdist = { url = "https://files.pythonhosted.org/packages/05/8e/961c0007c59b8dd7729d542c61a4d537767a59645b82a0b521206e1e25c2/pyyaml-6.0.3.tar.gz", hash = "sha256:d76623373421df22fb4cf8817020cbb7ef15c725b9d5e45f17e189bfc384190f", size = 130960, upload-time = "2025-09-25T21:33:16.546Z" }
wheels = [
    { url = "https://files.pythonhosted.org/packages/d1/33/422b98d2195232ca1826284a76852ad5a86fe23e31b009c9886b2d0fb8b2/pyyaml-6.0.3-cp312-cp312-macosx_10_13_x86_64.whl", hash = "sha256:7f047e29dcae44602496db43be01ad42fc6f1cc0d8cd6c83d342306c32270196", size = 182063, upload-time = "2025-09-25T21:32:11.445Z" },
    { url = "https://files.pythonhosted.org/packages/89/a0/6cf41a19a1f2f3feab0e9c0b74134aa2ce6849093d5517a0c550fe37a648/pyyaml-6.0.3-cp312-cp312-macosx_11_0_arm64.whl", hash = "sha256:fc09d0aa354569bc501d4e787133afc08552722d3ab34836a80547331bb5d4a0", size = 173973, upload-time = "2025-09-25T21:32:12.492Z" },
    { url = "https://files.pythonhosted.org/packages/ed/23/7a778b6bd0b9a8039df8b1b1d80e2e2ad78aa04171592c8a5c43a56a6af4/pyyaml-6.0.3-cp312-cp312-manylinux2014_aarch64.manylinux_2_17_aarch64.manylinux_2_28_aarch64.whl", hash = "sha256:9149cad251584d5fb4981be1ecde53a1ca46c891a79788c0df828d2f166bda28", size = 775116, upload-time = "2025-09-25T21:32:13.652Z" },
    { url = "https://files.pythonhosted.org/packages/65/30/d7353c338e12baef4ecc1b09e877c1970bd3382789c159b4f89d6a70dc09/pyyaml-6.0.3-cp312-cp312-manylinux2014_s390x.manylinux_2_17_s390x.manylinux_2_28_s390x.whl", hash = "sha256:5fdec68f91a0c6739b380c83b951e2c72ac0197ace422360e6d5a959d8d97b2c", size = 844011, upload-time = "2025-09-25T21:32:15.21Z" },
    { url = "https://files.pythonhosted.org/packages/8b/9d/b3589d3877982d4f2329302ef98a8026e7f4443c765c46cfecc8858c6b4b/pyyaml-6.0.3-cp312-cp312-manylinux2014_x86_64.manylinux_2_17_x86_64.manylinux_2_28_x86_64.whl", hash = "sha256:ba1cc08a7ccde2d2ec775841541641e4548226580ab850948cbfda66a1befcdc", size = 807870, upload-time = "2025-09-25T21:32:16.431Z" },
    { url = "https://files.pythonhosted.org/packages/05/c0/b3be26a015601b822b97d9149ff8cb5ead58c66f981e04fedf4e762f4bd4/pyyaml-6.0.3-cp312-cp312-musllinux_1_2_aarch64.whl", hash = "sha256:8dc52c23056b9ddd46818a57b78404882310fb473d63f17b07d5c40421e47f8e", size = 761089, upload-time = "2025-09-25T21:32:17.56Z" },
    { url = "https://files.pythonhosted.org/packages/be/8e/98435a21d1d4b46590d5459a22d88128103f8da4c2d4cb8f14f2a96504e1/pyyaml-6.0.3-cp312-cp312-musllinux_1_2_x86_64.whl", hash = "sha256:41715c910c881bc081f1e8872880d3c650acf13dfa8214bad49ed4cede7c34ea", size = 790181, upload-time = "2025-09-25T21:32:18.834Z" },
    { url = "https://files.pythonhosted.org/packages/74/93/7baea19427dcfbe1e5a372d81473250b379f04b1bd3c4c5ff825e2327202/pyyaml-6.0.3-cp312-cp312-win32.whl", hash = "sha256:96b533f0e99f6579b3d4d4995707cf36df9100d67e0c8303a0c55b27b5f99bc5", size = 137658, upload-time = "2025-09-25T21:32:20.209Z" },
    { url = "https://files.pythonhosted.org/packages/86/bf/899e81e4cce32febab4fb42bb97dcdf66bc135272882d1987881a4b519e9/pyyaml-6.0.3-cp312-cp312-win_amd64.whl", hash = "sha256:5fcd34e47f6e0b794d17de1b4ff496c00986e1c83f7ab2fb8fcfe9616ff7477b", size = 154003, upload-time = "2025-09-25T21:32:21.167Z" },
    { url = "https://files.pythonhosted.org/packages/1a/08/67bd04656199bbb51dbed1439b7f27601dfb576fb864099c7ef0c3e55531/pyyaml-6.0.3-cp312-cp312-win_arm64.whl", hash = "sha256:64386e5e707d03a7e172c0701abfb7e10f0fb753ee1d773128192742712a98fd", size = 140344, upload-time = "2025-09-25T21:32:22.617Z" },
]

[[package]]
name = "rich"
version = "15.0.0"
source = { registry = "https://pypi.org/simple" }
dependencies = [
    { name = "markdown-it-py" },
    { name = "pygments" },
]
sdist = { url = "https://files.pythonhosted.org/packages/c0/8f/0722ca900cc807c13a6a0c696dacf35430f72e0ec571c4275d2371fca3e9/rich-15.0.0.tar.gz", hash = "sha256:edd07a4824c6b40189fb7ac9bc4c52536e9780fbbfbddf6f1e2502c31b068c36", size = 230680, upload-time = "2026-04-12T08:24:00.75Z" }
wheels = [
    { url = "https://files.pythonhosted.org/packages/82/3b/64d4899d73f91ba49a8c18a8ff3f0ea8f1c1d75481760df8c68ef5235bf5/rich-15.0.0-py3-none-any.whl", hash = "sha256:33bd4ef74232fb73fe9279a257718407f169c09b78a87ad3d296f548e27de0bb", size = 310654, upload-time = "2026-04-12T08:24:02.83Z" },
]

[[package]]
name = "ruff"
version = "0.16.10"
source = { registry = "https://pypi.org/simple" }
sdist = { url = "https://files.pythonhosted.org/packages/c4/49/23802c45f093eb14bde54b141d2b2f058edfa63a06db7beed047308cc08f/ruff-0.16.10.tar.gz", hash = "sha256:eff4728c4eaae93f0955cd264d24b2ab348e74bf59986ccf282ba6dc16b3b017", size = 4958724, upload-time = "2026-10-01T18:03:21.697Z" }
wheels = [
    { url = "https://files.pythonhosted.org/packages/2f/21/ebce22e1d90cdb2cd691026b9c6e9bec6499f0b396089481755b5d49efff/ruff-0.16.10-py3-none-linux_armv6l.whl", hash = "sha256:488b0fe3f3574210e5cf80d9f59b9e3ab17a127a8155de3f307b392589cfb511", size = 10095557, upload-time = "2026-10-01T18:02:36.072Z" },
    { url = "https://files.pythonhosted.org/packages/cb/98/a54de85876a8b2612bfa0d84c7b9abfb39c6a3354aee7800b09c1649b9e3/ruff-0.16.10-py3-none-macosx_10_12_x86_64.whl", hash = "sha256:e748ff95c934c4e978783b8e687bc174e7bd84e8ad24e3243e1ecfcda5e0282d", size = 10340577, upload-time = "2026-10-01T18:02:39.258Z" },
    { url = "https://files.pythonhosted.org/packages/9f/16/1a5a4a2657effe4806110f2b907313802f1367fcdbb29e8122766e407fab/ruff-0.16.10-py3-none-macosx_11_0_arm64.whl", hash = "sha256:3031a4a2e8e7b8a46f70be45f198c35a11ece509a94b80334d8d397a33c67550", size = 9774282, upload-time = "2026-10-01T18:02:41.79Z" },
    { url = "https://files.pythonhosted.org/packages/6e/fb/470085af734da396e68cd80fb0a3e7c109a459716ae59588c0f6fab8a17d/ruff-0.16.10-py3-none-manylinux_2_17_aarch64.manylinux2014_aarch64.whl", hash = "sha256:494401c86df4c4c25f69b9419605d944467ee98c42fb6ad405ef4fa40b8fb67d", size = 9920895, upload-time = "2026-10-01T18:02:44.458Z" },
    { url = "https://files.pythonhosted.org/packages/57/de/f10cffe4f88a37ea6615ec460f01bf76f0bc1477737a35d9ee61a630a78b/ruff-0.16.10-py3-none-manylinux_2_17_armv7l.manylinux2014_armv7l.whl", hash = "sha256:d203abc0ff2b773ee33d00ab8df0bb67046fbc7c07b119332f08b9b345cf8221", size = 9902707, upload-time = "2026-10-01T18:02:47.041Z" },
    { url = "https://files.pythonhosted.org/packages/ff/44/3fdcedf83ae60ef837dd239170e480dce606a9142cfa2db911afdf855fd9/ruff-0.16.10-py3-none-manylinux_2_17_i686.manylinux2014_i686.whl", hash = "sha256:bd83d1235a5258d318477bc5b576303974cbdef5df0c01a1bff14efcc23bd12a", size = 10619287, upload-time = "2026-10-01T18:02:49.485Z" },
    { url = "https://files.pythonhosted.org/packages/c1/62/02e76a5574002153618eafbb70e159468addc72a5d2c488e65cbb4639d2d/ruff-0.16.10-py3-none-manylinux_2_17_ppc64le.manylinux2014_ppc64le.whl", hash = "sha256:bc2610fb269fa56dd8a68669ae470fa6272902668c0fc2ebc3aa112b2633d5b8", size = 11339942, upload-time = "2026-10-01T18:02:52.008Z" },
    { url = "https://files.pythonhosted.org/packages/6b/c4/cde27d47ad8d4126c587e608c67c46e7feac11763f606d261a1bc8a489e6/ruff-0.16.10-py3-none-manylinux_2_17_s390x.manylinux2014_s390x.whl", hash = "sha256:3e70175e29cc94c26ea296c80e470180b744b7419026898e58f520c6ab32578e", size = 10934316, upload-time = "2026-10-01T18:02:54.811Z" },
    { url = "https://files.pythonhosted.org/packages/e4/03/17234145f302a645a123e8c3bb2411ecf4669fbc350de3b0d803230a1729/ruff-0.16.10-py3-none-manylinux_2_17_x86_64.manylinux2014_x86_64.whl", hash = "sha256:f33f43a864a8483eebd160e713336c8bab02c934feaff0a33cf5ccb41546d09a", size = 10387968, upload-time = "2026-10-01T18:02:57.497Z" },
    { url = "https://files.pythonhosted.org/packages/71/29/2493af60240ee7644b38a4b821f5f9c3b5a4fa3178770fe1d0c685217395/ruff-0.16.10-py3-none-manylinux_2_31_riscv64.whl", hash = "sha256:1dfc6f0088149fb6a362c1c446bcbb3fd2157b3852fe2fa68409276eab9ad9b3", size = 10537906, upload-time = "2026-10-01T18:03:00.006Z" },
    { url = "https://files.pythonhosted.org/packages/2e/9a/f56b28f3b143bb9e518c34fb89ab191b626bca8b70dbf8af0d2e2d473572/ruff-0.16.10-py3-none-musllinux_1_2_aarch64.whl", hash = "sha256:6553498afc35f580f036030795810b9e6bcea31604b0fd9e8d352795473042e3", size = 10012938, upload-time = "2026-10-01T18:03:03.006Z" },
    { url = "https://files.pythonhosted.org/packages/c2/c4/fca37362848ea4d4d80712df13632e645e7c7cfb1bdedf140699ac7a090b/ruff-0.16.10-py3-none-musllinux_1_2_armv7l.whl", hash = "sha256:a3b8471dea115d37f123882be852bed13403746d3a76c11de4a19ec5f9ff5a03", size = 9897945, upload-time = "2026-10-01T18:03:05.818Z" },
    { url = "https://files.pythonhosted.org/packages/7d/c7/e0bc57664d6e0c61fd22f620af260fe9662d7e1ddb320ea7f160e76ef165/ruff-0.16.10-py3-none-musllinux_1_2_i686.whl", hash = "sha256:92e59a70bcbd9d3a5483656da906ec28edfdacfce00afd99edb8b4e9d15644be", size = 10333134, upload-time = "2026-10-01T18:03:08.25Z" },
    { url = "https://files.pythonhosted.org/packages/21/aa/5c9f3b68737c0e4a33a1db5dfab44f7b786d96ca91a7233112ddab1e6dc2/ruff-0.16.10-py3-none-musllinux_1_2_x86_64.whl", hash = "sha256:7ae7375f803b5520dc9f546bed7e3a0acb70b91812e9bb4b19927de22f25b77d", size = 10741702, upload-time = "2026-10-01T18:03:10.775Z" },
    { url = "https://files.pythonhosted.org/packages/78/fa/0f9c2020dc316c53d983be011720b8157cc052b97e3f4dfa7db6d0f880a6/ruff-0.16.10-py3-none-win32.whl", hash = "sha256:2a12e01cb9156c10c466f63b46eaae5ecea28dfbd21b5836353ae498e7d1349a", size = 10139176, upload-time = "2026-10-01T18:03:13.267Z" },
    { url = "https://files.pythonhosted.org/packages/99/29/cfb0df9448d4d4ad48c2de029ada9ebd71baa6da983a6c77ee6c6cd0fe82/ruff-0.16.10-py3-none-win_amd64.whl", hash = "sha256:97f2015c92aa97105b0eab19eb5d224884399281cfc5da86a92db4ab5e7fb2ca", size = 10584734, upload-time = "2026-10-01T18:03:16.006Z" },
    { url = "https://files.pythonhosted.org/packages/fc/05/c16957eb287c3fc062e032619a25868d93d408a844b725bcf514f7a378ff/ruff-0.16.10-py3-none-win_arm64.whl", hash = "sha256:25a65fe998c4e6861ec079ada5826a2fc605e6cbccbe9dcd7fac1f54e791621b", size = 10366440, upload-time = "2026-10-01T18:03:19.04Z" },
]

[[package]]
name = "shellingham"
version = "1.5.4"
source = { registry = "https://pypi.org/simple" }
sdist = { url = "https://files.pythonhosted.org/packages/58/15/8b3609fd3830ef7b27b655beb4b4e9c62313a4e8da8c676e142cc210d58e/shellingham-1.5.4.tar.gz", hash = "sha256:8dbca0739d487e5bd35ab3ca4b36e11c4078f3a234bfce294b0a0291363404de", size = 10310, upload-time = "2023-10-24T04:13:40.426Z" }
wheels = [
    { url = "https://files.pythonhosted.org/packages/e0/f9/0595336914c5619e5f28a1fb793285925a8cd4b432c9da0a987836c7f822/shellingham-1.5.4-py2.py3-none-any.whl", hash = "sha256:7ecfff8f2fd72616f7481040475a65b2bf8af90a56c89140852d1120324e8686", size = 9755, upload-time = "2023-10-24T04:13:38.866Z" },
]

[[package]]
name = "sniffio"
version = "1.3.1"
source = { registry = "https://pypi.org/simple" }
sdist = { url = "https://files.pythonhosted.org/packages/a2/87/a6771e1546d97e7e041b6ae58d80074f81b7d5121207425c964ddf5cfdbd/sniffio-1.3.1.tar.gz", hash = "sha256:f4324edc670a0f49750a81b895f35c3adb843cca46f0530f79fc1babb23789dc", size = 20372, upload-time = "2024-02-25T23:20:04.057Z" }
wheels = [
    { url = "https://files.pythonhosted.org/packages/e9/44/75a9c9421471a6c4805dbf2356f7c181a29c1879239abab1ea2cc8f38b40/sniffio-1.3.1-py3-none-any.whl", hash = "sha256:2f6da418d1f1e0fddd844478f41680e794e6051915791a034ff65e5f100525a2", size = 10235, upload-time = "2024-02-25T23:20:01.196Z" },
]

[[package]]
name = "truststore"
version = "0.10.4"
source = { registry = "https://pypi.org/simple" }
sdist = { url = "https://files.pythonhosted.org/packages/53/a3/1585216310e344e8102c22482f6060c7a6ea0322b63e026372e6dcefcfd6/truststore-0.10.4.tar.gz", hash = "sha256:9d91bd436463ad5e4ee4aba766628dd6cd7010cf3e2461756b3303710eebc301", size = 26169, upload-time = "2025-08-12T18:49:02.73Z" }
wheels = [
    { url = "https://files.pythonhosted.org/packages/19/97/56608b2249fe206a67cd573bc93cd9896e1efb9e98bce9c163bcdc704b88/truststore-0.10.4-py3-none-any.whl", hash = "sha256:adaeaecf1cbb5f4de3b1959b42d41f6fab57b2b1666adb59e89cb0b53361d981", size = 18660, upload-time = "2025-08-12T18:49:01.46Z" },
]

[[package]]
name = "typer"
version = "0.27.3"
source = { registry = "https://pypi.org/simple" }
dependencies = [
    { name = "annotated-doc" },
    { name = "colorama", marker = "sys_platform == 'win32'" },
    { name = "rich" },
    { name = "shellingham" },
]
sdist = { url = "https://files.pythonhosted.org/packages/03/51/d33db42cc72ffd8c30777547b42d01f0cbf9d95a770457698d0174b3ed71/typer-0.27.3.tar.gz", hash = "sha256:d0396f770a560ab1b0a8504e13b5f254b728cedb05c61cf0359e944e50ce8901", size = 205303, upload-time = "2026-10-06T17:24:16.61Z" }
wheels = [
    { url = "https://files.pythonhosted.org/packages/07/ea/2e31b67051e91a133189e9c000c222502ddc6969856416de0d095de4c0b0/typer-0.27.3-py3-none-any.whl", hash = "sha256:e50022f28b82a86313e54501317a1db64bf8f8d036ff8cfe5ca7e47675454aff", size = 123312, upload-time = "2026-10-06T17:24:15.054Z" },
]

[[package]]
name = "typing-extensions"
version = "4.16.0"
source = { registry = "https://pypi.org/simple" }
sdist = { url = "https://files.pythonhosted.org/packages/f6/cc/6253133b5bb138fc3306cebfbda2c520f545d36b5be2c7255cc528bb45d6/typing_extensions-4.16.0.tar.gz", hash = "sha256:dc983d19a509c94dba722ee6abd33940f7c05a89e243c47e907eb4db6f1a43e5", size = 113555, upload-time = "2026-07-02T08:40:05.92Z" }
wheels = [
    { url = "https://files.pythonhosted.org/packages/49/d3/b8441a820a491ddfc024b0b0cf0393375b75ea13866d9c66727e54c2fc80/typing_extensions-4.16.0-py3-none-any.whl", hash = "sha256:481caa481374e813c1b176ada14e97f1f67a4539ce9cfeb3f350d78d6370c2e8", size = 45571, upload-time = "2026-07-02T08:40:04.659Z" },
]

[[package]]
name = "typing-inspection"
version = "0.4.4"
source = { registry = "https://pypi.org/simple" }
dependencies = [
    { name = "typing-extensions" },
]
sdist = { url = "https://files.pythonhosted.org/packages/a3/26/b09b8010994eccc3c09092e6b34058f36a460eea2d4c3e8b910c695975a0/typing_inspection-0.4.4.tar.gz", hash = "sha256:547274fa6b0a561ccf549cc9524b999a578e737d015d8709d021f9d0d13bea47", size = 76928, upload-time = "2026-08-12T12:37:25.997Z" }
wheels = [
    { url = "https://files.pythonhosted.org/packages/67/81/4add07e5172b7ac40d8ed5ff580409a7801a4fe26d529bdd915401dabfbe/typing_inspection-0.4.4-py3-none-any.whl", hash = "sha256:65b8397ba37ccbce054456aaccddfc91e6e3083c92824df348d96ca832f3f147", size = 14750, upload-time = "2026-08-12T12:37:24.648Z" },
]
